PODS:
  - SwiftFormat/CLI (0.40.14)
  - SwiftLint (0.36.0)

DEPENDENCIES:
  - SwiftFormat/CLI
  - SwiftLint

SPEC REPOS:
  trunk:
    - SwiftFormat
    - SwiftLint

SPEC CHECKSUMS:
  SwiftFormat: 21c9c3c748d5fcece493d8610eee23df15393458
  SwiftLint: fc9859e4e1752340664851f667bb1898b9c90114

PODFILE CHECKSUM: 831f5d20574abc14804ab092a4ce4997357b0357

COCOAPODS: 1.8.4
